// !$*UTF8*$!
{
	archiveVersion = 1;
	classes = {
	};
	objectVersion = 46;
	objects = {

/* Begin PBXBuildFile section */
		4C6B15521E0B5CF400227EDE /* main.m in Sources */ = {isa = PBXBuildFile; fileRef = 4C6B15511E0B5CF400227EDE /* main.m */; };
		4C6B15551E0B5CF400227EDE /* AppDelegate.m in Sources */ = {isa = PBXBuildFile; fileRef = 4C6B15541E0B5CF400227EDE /* AppDelegate.m */; };
		4C6B15581E0B5CF400227EDE /* ViewController.m in Sources */ = {isa = PBXBuildFile; fileRef = 4C6B15571E0B5CF400227EDE /* ViewController.m */; };
		4C6B155B1E0B5CF400227EDE /* Main.storyboard in Resources */ = {isa = PBXBuildFile; fileRef = 4C6B15591E0B5CF400227EDE /* Main.storyboard */; };
		4C6B155D1E0B5CF400227EDE /* Assets.xcassets in Resources */ = {isa = PBXBuildFile; fileRef = 4C6B155C1E0B5CF400227EDE /* Assets.xcassets */; };
		4C6B15601E0B5CF500227EDE /* LaunchScreen.storyboard in Resources */ = {isa = PBXBuildFile; fileRef = 4C6B155E1E0B5CF500227EDE /* LaunchScreen.storyboard */; };
		4C6B157B1E0B5D5B00227EDE /* DTFolderBar.m in Sources */ = {isa = PBXBuildFile; fileRef = 4C6B15691E0B5D5B00227EDE /* DTFolderBar.m */; };
		4C6B157C1E0B5D5B00227EDE /* DTFolderItem.m in Sources */ = {isa = PBXBuildFile; fileRef = 4C6B156C1E0B5D5B00227EDE /* DTFolderItem.m */; };
		4C6B157D1E0B5D5B00227EDE /* DTNavigationController.m in Sources */ = {isa = PBXBuildFile; fileRef = 4C6B156F1E0B5D5B00227EDE /* DTNavigationController.m */; };
		4C6B157E1E0B5D5B00227EDE /* ActionBtn.png in Resources */ = {isa = PBXBuildFile; fileRef = 4C6B15711E0B5D5B00227EDE /* ActionBtn.png */; };
		4C6B157F1E0B5D5B00227EDE /* ActionBtn@2x.png in Resources */ = {isa = PBXBuildFile; fileRef = 4C6B15721E0B5D5B00227EDE /* ActionBtn@2x.png */; };
		4C6B15801E0B5D5B00227EDE /* ActionBtnPress.png in Resources */ = {isa = PBXBuildFile; fileRef = 4C6B15731E0B5D5B00227EDE /* ActionBtnPress.png */; };
		4C6B15811E0B5D5B00227EDE /* ActionBtnPress@2x.png in Resources */ = {isa = PBXBuildFile; fileRef = 4C6B15741E0B5D5B00227EDE /* ActionBtnPress@2x.png */; };
		4C6B15821E0B5D5B00227EDE /* FolderBar.png in Resources */ = {isa = PBXBuildFile; fileRef = 4C6B15751E0B5D5B00227EDE /* FolderBar.png */; };
		4C6B15831E0B5D5B00227EDE /* FolderBar@2x.png in Resources */ = {isa = PBXBuildFile; fileRef = 4C6B15761E0B5D5B00227EDE /* FolderBar@2x.png */; };
		4C6B15841E0B5D5B00227EDE /* FolderItemBgImage.png in Resources */ = {isa = PBXBuildFile; fileRef = 4C6B15771E0B5D5B00227EDE /* FolderItemBgImage.png */; };
		4C6B15851E0B5D5B00227EDE /* FolderItemBgImage@2x.png in Resources */ = {isa = PBXBuildFile; fileRef = 4C6B15781E0B5D5B00227EDE /* FolderItemBgImage@2x.png */; };
		4C6B15861E0B5D5B00227EDE /* Home.png in Resources */ = {isa = PBXBuildFile; fileRef = 4C6B15791E0B5D5B00227EDE /* Home.png */; };
		4C6B15871E0B5D5B00227EDE /* Home@2x.png in Resources */ = {isa = PBXBuildFile; fileRef = 4C6B157A1E0B5D5B00227EDE /* Home@2x.png */; };
		4C6B158B1E0B607700227EDE /* DemoViewController.m in Sources */ = {isa = PBXBuildFile; fileRef = 4C6B15891E0B607700227EDE /* DemoViewController.m */; };
		4C8A75B41E135F350023ABDA /* DemoViewController.xib in Resources */ = {isa = PBXBuildFile; fileRef = 4C8A75B31E135F350023ABDA /* DemoViewController.xib */; };
		4CD9F2DE1E16054300B9BD75 /* DEMONavigationController.m in Sources */ = {isa = PBXBuildFile; fileRef = 4CD9F2DD1E16054300B9BD75 /* DEMONavigationController.m */; };
/* End PBXBuildFile section */

/* Begin PBXFileReference section */
		4C6B154D1E0B5CF400227EDE /* BreadCrumbNavigation.app */ = {isa = PBXFileReference; explicitFileType = wrapper.application; includeInIndex = 0; path = BreadCrumbNavigation.app; sourceTree = BUILT_PRODUCTS_DIR; };
		4C6B15511E0B5CF400227EDE /* main.m */ = {isa = PBXFileReference; lastKnownFileType = sourcecode.c.objc; path = main.m; sourceTree = "<group>"; };
		4C6B15531E0B5CF400227EDE /* AppDelegate.h */ = {isa = PBXFileReference; lastKnownFileType = sourcecode.c.h; path = AppDelegate.h; sourceTree = "<group>"; };
		4C6B15541E0B5CF400227EDE /* AppDelegate.m */ = {isa = PBXFileReference; lastKnownFileType = sourcecode.c.objc; path = AppDelegate.m; sourceTree = "<group>"; };
		4C6B15561E0B5CF400227EDE /* ViewController.h */ = {isa = PBXFileReference; lastKnownFileType = sourcecode.c.h; path = ViewController.h; sourceTree = "<group>"; };
		4C6B15571E0B5CF400227EDE /* ViewController.m */ = {isa = PBXFileReference; lastKnownFileType = sourcecode.c.objc; path = ViewController.m; sourceTree = "<group>"; };
		4C6B155A1E0B5CF400227EDE /* Base */ = {isa = PBXFileReference; lastKnownFileType = file.storyboard; name = Base; path = Base.lproj/Main.storyboard; sourceTree = "<group>"; };
		4C6B155C1E0B5CF400227EDE /* Assets.xcassets */ = {isa = PBXFileReference; lastKnownFileType = folder.assetcatalog; path = Assets.xcassets; sourceTree = "<group>"; };
		4C6B155F1E0B5CF500227EDE /* Base */ = {isa = PBXFileReference; lastKnownFileType = file.storyboard; name = Base; path = Base.lproj/LaunchScreen.storyboard; sourceTree = "<group>"; };
		4C6B15611E0B5CF500227EDE /* Info.plist */ = {isa = PBXFileReference; lastKnownFileType = text.plist.xml; path = Info.plist; sourceTree = "<group>"; };
		4C6B15681E0B5D5B00227EDE /* DTFolderBar.h */ = {isa = PBXFileReference; fileEncoding = 4; lastKnownFileType = sourcecode.c.h; path = DTFolderBar.h; sourceTree = "<group>"; };
		4C6B15691E0B5D5B00227EDE /* DTFolderBar.m */ = {isa = PBXFileReference; fileEncoding = 4; lastKnownFileType = sourcecode.c.objc; path = DTFolderBar.m; sourceTree = "<group>"; };
		4C6B156A1E0B5D5B00227EDE /* DTFolderConfig.h */ = {isa = PBXFileReference; fileEncoding = 4; lastKnownFileType = sourcecode.c.h; path = DTFolderConfig.h; sourceTree = "<group>"; };
		4C6B156B1E0B5D5B00227EDE /* DTFolderItem.h */ = {isa = PBXFileReference; fileEncoding = 4; lastKnownFileType = sourcecode.c.h; path = DTFolderItem.h; sourceTree = "<group>"; };
		4C6B156C1E0B5D5B00227EDE /* DTFolderItem.m */ = {isa = PBXFileReference; fileEncoding = 4; lastKnownFileType = sourcecode.c.objc; path = DTFolderItem.m; sourceTree = "<group>"; };
		4C6B156D1E0B5D5B00227EDE /* DTFolderStyle.h */ = {isa = PBXFileReference; fileEncoding = 4; lastKnownFileType = sourcecode.c.h; path = DTFolderStyle.h; sourceTree = "<group>"; };
		4C6B156E1E0B5D5B00227EDE /* DTNavigationController.h */ = {isa = PBXFileReference; fileEncoding = 4; lastKnownFileType = sourcecode.c.h; path = DTNavigationController.h; sourceTree = "<group>"; };
		4C6B156F1E0B5D5B00227EDE /* DTNavigationController.m */ = {isa = PBXFileReference; fileEncoding = 4; lastKnownFileType = sourcecode.c.objc; path = DTNavigationController.m; sourceTree = "<group>"; };
		4C6B15711E0B5D5B00227EDE /* ActionBtn.png */ = {isa = PBXFileReference; lastKnownFileType = image.png; path = ActionBtn.png; sourceTree = "<group>"; };
		4C6B15721E0B5D5B00227EDE /* ActionBtn@2x.png */ = {isa = PBXFileReference; lastKnownFileType = image.png; path = "ActionBtn@2x.png"; sourceTree = "<group>"; };
		4C6B15731E0B5D5B00227EDE /* ActionBtnPress.png */ = {isa = PBXFileReference; lastKnownFileType = image.png; path = ActionBtnPress.png; sourceTree = "<group>"; };
		4C6B15741E0B5D5B00227EDE /* ActionBtnPress@2x.png */ = {isa = PBXFileReference; lastKnownFileType = image.png; path = "ActionBtnPress@2x.png"; sourceTree = "<group>"; };
		4C6B15751E0B5D5B00227EDE /* FolderBar.png */ = {isa = PBXFileReference; lastKnownFileType = image.png; path = FolderBar.png; sourceTree = "<group>"; };
		4C6B15761E0B5D5B00227EDE /* FolderBar@2x.png */ = {isa = PBXFileReference; lastKnownFileType = image.png; path = "FolderBar@2x.png"; sourceTree = "<group>"; };
		4C6B15771E0B5D5B00227EDE /* FolderItemBgImage.png */ = {isa = PBXFileReference; lastKnownFileType = image.png; path = FolderItemBgImage.png; sourceTree = "<group>"; };
		4C6B15781E0B5D5B00227EDE /* FolderItemBgImage@2x.png */ = {isa = PBXFileReference; lastKnownFileType = image.png; path = "FolderItemBgImage@2x.png"; sourceTree = "<group>"; };
		4C6B15791E0B5D5B00227EDE /* Home.png */ = {isa = PBXFileReference; lastKnownFileType = image.png; path = Home.png; sourceTree = "<group>"; };
		4C6B157A1E0B5D5B00227EDE /* Home@2x.png */ = {isa = PBXFileReference; lastKnownFileType = image.png; path = "Home@2x.png"; sourceTree = "<group>"; };
		4C6B15881E0B607700227EDE /* DemoViewController.h */ = {isa = PBXFileReference; fileEncoding = 4; lastKnownFileType = sourcecode.c.h; path = DemoViewController.h; sourceTree = "<group>"; };
		4C6B15891E0B607700227EDE /* DemoViewController.m */ = {isa = PBXFileReference; fileEncoding = 4; lastKnownFileType = sourcecode.c.objc; path = DemoViewController.m; sourceTree = "<group>"; };
		4C8A75B31E135F350023ABDA /* DemoViewController.xib */ = {isa = PBXFileReference; fileEncoding = 4; lastKnownFileType = file.xib; name = DemoViewController.xib; path = DTNavigationController/DemoViewController.xib; sourceTree = "<group>"; };
		4CD9F2DC1E16054300B9BD75 /* DEMONavigationController.h */ = {isa = PBXFileReference; fileEncoding = 4; lastKnownFileType = sourcecode.c.h; path = DEMONavigationController.h; sourceTree = "<group>"; };
		4CD9F2DD1E16054300B9BD75 /* DEMONavigationController.m */ = {isa = PBXFileReference; fileEncoding = 4; lastKnownFileType = sourcecode.c.objc; path = DEMONavigationController.m; sourceTree = "<group>"; };
/* End PBXFileReference section */

/* Begin PBXFrameworksBuildPhase section */
		4C6B154A1E0B5CF400227EDE /* Frameworks */ = {
			isa = PBXFrameworksBuildPhase;
			buildActionMask = 2147483647;
			files = (
			);
			runOnlyForDeploymentPostprocessing = 0;
		};
/* End PBXFrameworksBuildPhase section */

/* Begin PBXGroup section */
		4C6B15441E0B5CF400227EDE = {
			isa = PBXGroup;
			children = (
				4C6B154F1E0B5CF400227EDE /* BreadCrumbNavigation */,
				4C6B154E1E0B5CF400227EDE /* Products */,
			);
			sourceTree = "<group>";
		};
		4C6B154E1E0B5CF400227EDE /* Products */ = {
			isa = PBXGroup;
			children = (
				4C6B154D1E0B5CF400227EDE /* BreadCrumbNavigation.app */,
			);
			name = Products;
			sourceTree = "<group>";
		};
		4C6B154F1E0B5CF400227EDE /* BreadCrumbNavigation */ = {
			isa = PBXGroup;
			children = (
				4C6B15671E0B5D5B00227EDE /* DTNavigationController */,
				4C6B15531E0B5CF400227EDE /* AppDelegate.h */,
				4C6B15541E0B5CF400227EDE /* AppDelegate.m */,
				4C6B15561E0B5CF400227EDE /* ViewController.h */,
				4C6B15571E0B5CF400227EDE /* ViewController.m */,
				4C6B15591E0B5CF400227EDE /* Main.storyboard */,
				4CD9F2DC1E16054300B9BD75 /* DEMONavigationController.h */,
				4CD9F2DD1E16054300B9BD75 /* DEMONavigationController.m */,
				4C6B15881E0B607700227EDE /* DemoViewController.h */,
				4C6B15891E0B607700227EDE /* DemoViewController.m */,
				4C8A75B31E135F350023ABDA /* DemoViewController.xib */,
				4C6B155C1E0B5CF400227EDE /* Assets.xcassets */,
				4C6B155E1E0B5CF500227EDE /* LaunchScreen.storyboard */,
				4C6B15611E0B5CF500227EDE /* Info.plist */,
				4C6B15501E0B5CF400227EDE /* Supporting Files */,
			);
			path = BreadCrumbNavigation;
			sourceTree = "<group>";
		};
		4C6B15501E0B5CF400227EDE /* Supporting Files */ = {
			isa = PBXGroup;
			children = (
				4C6B15511E0B5CF400227EDE /* main.m */,
			);
			name = "Supporting Files";
			sourceTree = "<group>";
		};
		4C6B15671E0B5D5B00227EDE /* DTNavigationController */ = {
			isa = PBXGroup;
			children = (
				4C6B15681E0B5D5B00227EDE /* DTFolderBar.h */,
				4C6B15691E0B5D5B00227EDE /* DTFolderBar.m */,
				4C6B156A1E0B5D5B00227EDE /* DTFolderConfig.h */,
				4C6B156B1E0B5D5B00227EDE /* DTFolderItem.h */,
				4C6B156C1E0B5D5B00227EDE /* DTFolderItem.m */,
				4C6B156D1E0B5D5B00227EDE /* DTFolderStyle.h */,
				4C6B156E1E0B5D5B00227EDE /* DTNavigationController.h */,
				4C6B156F1E0B5D5B00227EDE /* DTNavigationController.m */,
				4C6B15701E0B5D5B00227EDE /* Images */,
			);
			path = DTNavigationController;
			sourceTree = "<group>";
		};
		4C6B15701E0B5D5B00227EDE /* Images */ = {
			isa = PBXGroup;
			children = (
				4C6B15711E0B5D5B00227EDE /* ActionBtn.png */,
				4C6B15721E0B5D5B00227EDE /* ActionBtn@2x.png */,
				4C6B15731E0B5D5B00227EDE /* ActionBtnPress.png */,
				4C6B15741E0B5D5B00227EDE /* ActionBtnPress@2x.png */,
				4C6B15751E0B5D5B00227EDE /* FolderBar.png */,
				4C6B15761E0B5D5B00227EDE /* FolderBar@2x.png */,
				4C6B15771E0B5D5B00227EDE /* FolderItemBgImage.png */,
				4C6B15781E0B5D5B00227EDE /* FolderItemBgImage@2x.png */,
				4C6B15791E0B5D5B00227EDE /* Home.png */,
				4C6B157A1E0B5D5B00227EDE /* Home@2x.png */,
			);
			path = Images;
			sourceTree = "<group>";
		};
/* End PBXGroup section */

/* Begin PBXNativeTarget section */
		4C6B154C1E0B5CF400227EDE /* BreadCrumbNavigation */ = {
			isa = PBXNativeTarget;
			buildConfigurationList = 4C6B15641E0B5CF500227EDE /* Build configuration list for PBXNativeTarget "BreadCrumbNavigation" */;
			buildPhases = (
				4C6B15491E0B5CF400227EDE /* Sources */,
				4C6B154A1E0B5CF400227EDE /* Frameworks */,
				4C6B154B1E0B5CF400227EDE /* Resources */,
			);
			buildRules = (
			);
			dependencies = (
			);
			name = BreadCrumbNavigation;
			productName = BreadCrumbNavigation;
			productReference = 4C6B154D1E0B5CF400227EDE /* BreadCrumbNavigation.app */;
			productType = "com.apple.product-type.application";
		};
/* End PBXNativeTarget section */

/* Begin PBXProject section */
		4C6B15451E0B5CF400227EDE /* Project object */ = {
			isa = PBXProject;
			attributes = {
				LastUpgradeCheck = 0810;
				ORGANIZATIONNAME = Michael;
				TargetAttributes = {
					4C6B154C1E0B5CF400227EDE = {
						CreatedOnToolsVersion = 8.1;
						DevelopmentTeam = JTVP4Z7968;
						ProvisioningStyle = Automatic;
					};
				};
			};
			buildConfigurationList = 4C6B15481E0B5CF400227EDE /* Build configuration list for PBXProject "BreadCrumbNavigation" */;
			compatibilityVersion = "Xcode 3.2";
			developmentRegion = English;
			hasScannedForEncodings = 0;
			knownRegions = (
				en,
				Base,
			);
			mainGroup = 4C6B15441E0B5CF400227EDE;
			productRefGroup = 4C6B154E1E0B5CF400227EDE /* Products */;
			projectDirPath = "";
			projectRoot = "";
			targets = (
				4C6B154C1E0B5CF400227EDE /* BreadCrumbNavigation */,
			);
		};
/* End PBXProject section */

/* Begin PBXResourcesBuildPhase section */
		4C6B154B1E0B5CF400227EDE /* Resources */ = {
			isa = PBXResourcesBuildPhase;
			buildActionMask = 2147483647;
			files = (
				4C6B15861E0B5D5B00227EDE /* Home.png in Resources */,
				4C6B157F1E0B5D5B00227EDE /* ActionBtn@2x.png in Resources */,
				4C6B15831E0B5D5B00227EDE /* FolderBar@2x.png in Resources */,
				4C6B15821E0B5D5B00227EDE /* FolderBar.png in Resources */,
				4C6B15811E0B5D5B00227EDE /* ActionBtnPress@2x.png in Resources */,
				4C6B15601E0B5CF500227EDE /* LaunchScreen.storyboard in Resources */,
				4C6B15871E0B5D5B00227EDE /* Home@2x.png in Resources */,
				4C8A75B41E135F350023ABDA /* DemoViewController.xib in Resources */,
				4C6B15841E0B5D5B00227EDE /* FolderItemBgImage.png in Resources */,
				4C6B155D1E0B5CF400227EDE /* Assets.xcassets in Resources */,
				4C6B157E1E0B5D5B00227EDE /* ActionBtn.png in Resources */,
				4C6B15801E0B5D5B00227EDE /* ActionBtnPress.png in Resources */,
				4C6B15851E0B5D5B00227EDE /* FolderItemBgImage@2x.png in Resources */,
				4C6B155B1E0B5CF400227EDE /* Main.storyboard in Resources */,
			);
			runOnlyForDeploymentPostprocessing = 0;
		};
/* End PBXResourcesBuildPhase section */

/* Begin PBXSourcesBuildPhase section */
		4C6B15491E0B5CF400227EDE /* Sources */ = {
			isa = PBXSourcesBuildPhase;
			buildActionMask = 2147483647;
			files = (
				4C6B157C1E0B5D5B00227EDE /* DTFolderItem.m in Sources */,
				4C6B157D1E0B5D5B00227EDE /* DTNavigationController.m in Sources */,
				4C6B15581E0B5CF400227EDE /* ViewController.m in Sources */,
				4C6B157B1E0B5D5B00227EDE /* DTFolderBar.m in Sources */,
				4C6B15551E0B5CF400227EDE /* AppDelegate.m in Sources */,
				4C6B158B1E0B607700227EDE /* DemoViewController.m in Sources */,
				4CD9F2DE1E16054300B9BD75 /* DEMONavigationController.m in Sources */,
				4C6B15521E0B5CF400227EDE /* main.m in Sources */,
			);
			runOnlyForDeploymentPostprocessing = 0;
		};
/* End PBXSourcesBuildPhase section */

/* Begin PBXVariantGroup section */
		4C6B15591E0B5CF400227EDE /* Main.storyboard */ = {
			isa = PBXVariantGroup;
			children = (
				4C6B155A1E0B5CF400227EDE /* Base */,
			);
			name = Main.storyboard;
			sourceTree = "<group>";
		};
		4C6B155E1E0B5CF500227EDE /* LaunchScreen.storyboard */ = {
			isa = PBXVariantGroup;
			children = (
				4C6B155F1E0B5CF500227EDE /* Base */,
			);
			name = LaunchScreen.storyboard;
			sourceTree = "<group>";
		};
/* End PBXVariantGroup section */

/* Begin XCBuildConfiguration section */
		4C6B15621E0B5CF500227EDE /* Debug */ = {
			isa = XCBuildConfiguration;
			buildSettings = {
				ALWAYS_SEARCH_USER_PATHS = NO;
				CLANG_ANALYZER_NONNULL = YES;
				CLANG_CXX_LANGUAGE_STANDARD = "gnu++0x";
				CLANG_CXX_LIBRARY = "libc++";
				CLANG_ENABLE_MODULES = YES;
				CLANG_ENABLE_OBJC_ARC = YES;
				CLANG_WARN_BOOL_CONVERSION = YES;
				CLANG_WARN_CONSTANT_CONVERSION = YES;
				CLANG_WARN_DIRECT_OBJC_ISA_USAGE = YES_ERROR;
				CLANG_WARN_DOCUMENTATION_COMMENTS = YES;
				CLANG_WARN_EMPTY_BODY = YES;
				CLANG_WARN_ENUM_CONVERSION = YES;
				CLANG_WARN_INFINITE_RECURSION = YES;
				CLANG_WARN_INT_CONVERSION = YES;
				CLANG_WARN_OBJC_ROOT_CLASS = YES_ERROR;
				CLANG_WARN_SUSPICIOUS_MOVES = YES;
				CLANG_WARN_UNREACHABLE_CODE = YES;
				CLANG_WARN__DUPLICATE_METHOD_MATCH = YES;
				"CODE_SIGN_IDENTITY[sdk=iphoneos*]" = "iPhone Developer";
				COPY_PHASE_STRIP = NO;
				DEBUG_INFORMATION_FORMAT = dwarf;
				ENABLE_STRICT_OBJC_MSGSEND = YES;
				ENABLE_TESTABILITY = YES;
				GCC_C_LANGUAGE_STANDARD = gnu99;
				GCC_DYNAMIC_NO_PIC = NO;
				GCC_NO_COMMON_BLOCKS = YES;
				GCC_OPTIMIZATION_LEVEL = 0;
				GCC_PREPROCESSOR_DEFINITIONS = (
					"DEBUG=1",
					"$(inherited)",
				);
				GCC_WARN_64_TO_32_BIT_CONVERSION = YES;
				GCC_WARN_ABOUT_RETURN_TYPE = YES_ERROR;
				GCC_WARN_UNDECLARED_SELECTOR = YES;
				GCC_WARN_UNINITIALIZED_AUTOS = YES_AGGRESSIVE;
				GCC_WARN_UNUSED_FUNCTION = YES;
				GCC_WARN_UNUSED_VARIABLE = YES;
				IPHONEOS_DEPLOYMENT_TARGET = 10.1;
				MTL_ENABLE_DEBUG_INFO = YES;
				ONLY_ACTIVE_ARCH = YES;
				SDKROOT = iphoneos;
			};
			name = Debug;
		};
		4C6B15631E0B5CF500227EDE /* Release */ = {
			isa = XCBuildConfiguration;
			buildSettings = {
				ALWAYS_SEARCH_USER_PATHS = NO;
				CLANG_ANALYZER_NONNULL = YES;
				CLANG_CXX_LANGUAGE_STANDARD = "gnu++0x";
				CLANG_CXX_LIBRARY = "libc++";
				CLANG_ENABLE_MODULES = YES;
				CLANG_ENABLE_OBJC_ARC = YES;
				CLANG_WARN_BOOL_CONVERSION = YES;
				CLANG_WARN_CONSTANT_CONVERSION = YES;
				CLANG_WARN_DIRECT_OBJC_ISA_USAGE = YES_ERROR;
				CLANG_WARN_DOCUMENTATION_COMMENTS = YES;
				CLANG_WARN_EMPTY_BODY = YES;
				CLANG_WARN_ENUM_CONVERSION = YES;
				CLANG_WARN_INFINITE_RECURSION = YES;
				CLANG_WARN_INT_CONVERSION = YES;
				CLANG_WARN_OBJC_ROOT_CLASS = YES_ERROR;
				CLANG_WARN_SUSPICIOUS_MOVES = YES;
				CLANG_WARN_UNREACHABLE_CODE = YES;
				CLANG_WARN__DUPLICATE_METHOD_MATCH = YES;
				"CODE_SIGN_IDENTITY[sdk=iphoneos*]" = "iPhone Developer";
				COPY_PHASE_STRIP = NO;
				DEBUG_INFORMATION_FORMAT = "dwarf-with-dsym";
				ENABLE_NS_ASSERTIONS = NO;
				ENABLE_STRICT_OBJC_MSGSEND = YES;
				GCC_C_LANGUAGE_STANDARD = gnu99;
				GCC_NO_COMMON_BLOCKS = YES;
				GCC_WARN_64_TO_32_BIT_CONVERSION = YES;
				GCC_WARN_ABOUT_RETURN_TYPE = YES_ERROR;
				GCC_WARN_UNDECLARED_SELECTOR = YES;
				GCC_WARN_UNINITIALIZED_AUTOS = YES_AGGRESSIVE;
				GCC_WARN_UNUSED_FUNCTION = YES;
				GCC_WARN_UNUSED_VARIABLE = YES;
				IPHONEOS_DEPLOYMENT_TARGET = 10.1;
				MTL_ENABLE_DEBUG_INFO = NO;
				SDKROOT = iphoneos;
				VALIDATE_PRODUCT = YES;
			};
			name = Release;
		};
		4C6B15651E0B5CF500227EDE /* Debug */ = {
			isa = XCBuildConfiguration;
			buildSettings = {
				ASSETCATALOG_COMPILER_APPICON_NAME = AppIcon;
				DEVELOPMENT_TEAM = JTVP4Z7968;
				INFOPLIST_FILE = BreadCrumbNavigation/Info.plist;
				LD_RUNPATH_SEARCH_PATHS = "$(inherited) @executable_path/Frameworks";
				PRODUCT_BUNDLE_IDENTIFIER = com.MichaelOpenSourceFactory.BreadCrumbNavigation;
				PRODUCT_NAME = "$(TARGET_NAME)";
			};
			name = Debug;
		};
		4C6B15661E0B5CF500227EDE /* Release */ = {
			isa = XCBuildConfiguration;
			buildSettings = {
				ASSETCATALOG_COMPILER_APPICON_NAME = AppIcon;
				DEVELOPMENT_TEAM = JTVP4Z7968;
				INFOPLIST_FILE = BreadCrumbNavigation/Info.plist;
				LD_RUNPATH_SEARCH_PATHS = "$(inherited) @executable_path/Frameworks";
				PRODUCT_BUNDLE_IDENTIFIER = com.MichaelOpenSourceFactory.BreadCrumbNavigation;
				PRODUCT_NAME = "$(TARGET_NAME)";
			};
			name = Release;
		};
/* End XCBuildConfiguration section */

/* Begin XCConfigurationList section */
		4C6B15481E0B5CF400227EDE /* Build configuration list for PBXProject "BreadCrumbNavigation" */ = {
			isa = XCConfigurationList;
			buildConfigurations = (
				4C6B15621E0B5CF500227EDE /* Debug */,
				4C6B15631E0B5CF500227EDE /* Release */,
			);
			defaultConfigurationIsVisible = 0;
			defaultConfigurationName = Release;
		};
		4C6B15641E0B5CF500227EDE /* Build configuration list for PBXNativeTarget "BreadCrumbNavigation" */ = {
			isa = XCConfigurationList;
			buildConfigurations = (
				4C6B15651E0B5CF500227EDE /* Debug */,
				4C6B15661E0B5CF500227EDE /* Release */,
			);
			defaultConfigurationIsVisible = 0;
			defaultConfigurationName = Release;
		};
/* End XCConfigurationList section */
	};
	rootObject = 4C6B15451E0B5CF400227EDE /* Project object */;
}
